{
    "name": "@cyriellealbert/js-dependencies-pinner",
    "version": "1.0.0",
    "lockfileVersion": 3,
    "requires": true,
    "packages": {
        "": {
            "name": "@cyriellealbert/js-dependencies-pinner",
            "version": "1.0.0",
            "license": "(MIT OR Apache-2.0)",
            "bin": {
                "js-dependencies-pinner": "bin.js"
            }
        }
    }
}
